// !$*UTF8*$!
{
	archiveVersion = 1;
	classes = {
	};
	objectVersion = 46;
	objects = {

/* Begin PBXBuildFile section */
		81FBB1641CC4723A009F61C2 /* ArticleHomeController.swift in Sources */ = {isa = PBXBuildFile; fileRef = 81FBB1631CC4723A009F61C2 /* ArticleHomeController.swift */; };
		81FBB1661CC47288009F61C2 /* GoodHomeController.swift in Sources */ = {isa = PBXBuildFile; fileRef = 81FBB1651CC47288009F61C2 /* GoodHomeController.swift */; };
		81FBB1681CC472BB009F61C2 /* UserHomeController.swift in Sources */ = {isa = PBXBuildFile; fileRef = 81FBB1671CC472BB009F61C2 /* UserHomeController.swift */; };
		81FBB16A1CC4779C009F61C2 /* FontConst.swift in Sources */ = {isa = PBXBuildFile; fileRef = 81FBB1691CC4779C009F61C2 /* FontConst.swift */; };
		81FBB16C1CC477AD009F61C2 /* TextConst.swift in Sources */ = {isa = PBXBuildFile; fileRef = 81FBB16B1CC477AD009F61C2 /* TextConst.swift */; };
		91777192CD185CD166D02A09 /* Pods.framework in Frameworks */ = {isa = PBXBuildFile; fileRef = B31AC0804AA7C02161F50F62 /* Pods.framework */; };
		FDAE73CA1CC0C2820015C7A0 /* AppDelegate.swift in Sources */ = {isa = PBXBuildFile; fileRef = FDAE73C91CC0C2820015C7A0 /* AppDelegate.swift */; };
		FDAE73CC1CC0C2820015C7A0 /* RootController.swift in Sources */ = {isa = PBXBuildFile; fileRef = FDAE73CB1CC0C2820015C7A0 /* RootController.swift */; };
		FDAE73CF1CC0C2820015C7A0 /* Main.storyboard in Resources */ = {isa = PBXBuildFile; fileRef = FDAE73CD1CC0C2820015C7A0 /* Main.storyboard */; };
		FDAE73D11CC0C2820015C7A0 /* Assets.xcassets in Resources */ = {isa = PBXBuildFile; fileRef = FDAE73D01CC0C2820015C7A0 /* Assets.xcassets */; };
		FDAE73D41CC0C2820015C7A0 /* LaunchScreen.storyboard in Resources */ = {isa = PBXBuildFile; fileRef = FDAE73D21CC0C2820015C7A0 /* LaunchScreen.storyboard */; };
		FDAE73E51CC0D64E0015C7A0 /* File1.swift in Sources */ = {isa = PBXBuildFile; fileRef = FDAE73E41CC0D64E0015C7A0 /* File1.swift */; };
		FDAE73E71CC0D6760015C7A0 /* File2.swift in Sources */ = {isa = PBXBuildFile; fileRef = FDAE73E61CC0D6760015C7A0 /* File2.swift */; };
		FDAE73E91CC0D6E50015C7A0 /* File3.swift in Sources */ = {isa = PBXBuildFile; fileRef = FDAE73E81CC0D6E50015C7A0 /* File3.swift */; };
		FDAE73EB1CC0D6F20015C7A0 /* File4.swift in Sources */ = {isa = PBXBuildFile; fileRef = FDAE73EA1CC0D6F20015C7A0 /* File4.swift */; };
		FDAE73ED1CC0D6FD0015C7A0 /* ColorConst.swift in Sources */ = {isa = PBXBuildFile; fileRef = FDAE73EC1CC0D6FD0015C7A0 /* ColorConst.swift */; };
		FDAE74011CC0D8020015C7A0 /* DLLRUCache.m in Sources */ = {isa = PBXBuildFile; fileRef = FDAE73F21CC0D8020015C7A0 /* DLLRUCache.m */; };
		FDAE74021CC0D8020015C7A0 /* DLCustomSlideView.m in Sources */ = {isa = PBXBuildFile; fileRef = FDAE73F41CC0D8020015C7A0 /* DLCustomSlideView.m */; };
		FDAE74031CC0D8020015C7A0 /* DLSlideView.m in Sources */ = {isa = PBXBuildFile; fileRef = FDAE73F61CC0D8020015C7A0 /* DLSlideView.m */; };
		FDAE74041CC0D8020015C7A0 /* DLFixedTabbarView.m in Sources */ = {isa = PBXBuildFile; fileRef = FDAE73F91CC0D8020015C7A0 /* DLFixedTabbarView.m */; };
		FDAE74051CC0D8020015C7A0 /* DLScrollTabbarView.m in Sources */ = {isa = PBXBuildFile; fileRef = FDAE73FB1CC0D8020015C7A0 /* DLScrollTabbarView.m */; };
		FDAE74061CC0D8020015C7A0 /* DLTabedSlideView.m in Sources */ = {isa = PBXBuildFile; fileRef = FDAE73FE1CC0D8020015C7A0 /* DLTabedSlideView.m */; };
		FDAE74071CC0D8020015C7A0 /* DLUtility.m in Sources */ = {isa = PBXBuildFile; fileRef = FDAE74001CC0D8020015C7A0 /* DLUtility.m */; };
		FDAE740A1CC0D9310015C7A0 /* Foundation.framework in Frameworks */ = {isa = PBXBuildFile; fileRef = FDAE74091CC0D9310015C7A0 /* Foundation.framework */; };
		FDAE740C1CC0D9390015C7A0 /* UIKit.framework in Frameworks */ = {isa = PBXBuildFile; fileRef = FDAE740B1CC0D9390015C7A0 /* UIKit.framework */; };
		FDAE740E1CC0D9410015C7A0 /* CoreGraphics.framework in Frameworks */ = {isa = PBXBuildFile; fileRef = FDAE740D1CC0D9410015C7A0 /* CoreGraphics.framework */; };
/* End PBXBuildFile section */

/* Begin PBXFileReference section */
		314C33ADA6AF6CF840EC04BB /* Pods.debug.xcconfig */ = {isa = PBXFileReference; includeInIndex = 1; lastKnownFileType = text.xcconfig; name = Pods.debug.xcconfig; path = "Pods/Target Support Files/Pods/Pods.debug.xcconfig"; sourceTree = "<group>"; };
		5DDDFBA2467FE3BCFEA10712 /* Pods.release.xcconfig */ = {isa = PBXFileReference; includeInIndex = 1; lastKnownFileType = text.xcconfig; name = Pods.release.xcconfig; path = "Pods/Target Support Files/Pods/Pods.release.xcconfig"; sourceTree = "<group>"; };
		81FBB1631CC4723A009F61C2 /* ArticleHomeController.swift */ = {isa = PBXFileReference; fileEncoding = 4; lastKnownFileType = sourcecode.swift; path = ArticleHomeController.swift; sourceTree = "<group>"; };
		81FBB1651CC47288009F61C2 /* GoodHomeController.swift */ = {isa = PBXFileReference; fileEncoding = 4; lastKnownFileType = sourcecode.swift; path = GoodHomeController.swift; sourceTree = "<group>"; };
		81FBB1671CC472BB009F61C2 /* UserHomeController.swift */ = {isa = PBXFileReference; fileEncoding = 4; lastKnownFileType = sourcecode.swift; path = UserHomeController.swift; sourceTree = "<group>"; };
		81FBB1691CC4779C009F61C2 /* FontConst.swift */ = {isa = PBXFileReference; fileEncoding = 4; lastKnownFileType = sourcecode.swift; path = FontConst.swift; sourceTree = "<group>"; };
		81FBB16B1CC477AD009F61C2 /* TextConst.swift */ = {isa = PBXFileReference; fileEncoding = 4; lastKnownFileType = sourcecode.swift; path = TextConst.swift; sourceTree = "<group>"; };
		B31AC0804AA7C02161F50F62 /* Pods.framework */ = {isa = PBXFileReference; explicitFileType = wrapper.framework; includeInIndex = 0; path = Pods.framework; sourceTree = BUILT_PRODUCTS_DIR; };
		FDAE73C61CC0C2820015C7A0 /* Arita.app */ = {isa = PBXFileReference; explicitFileType = wrapper.application; includeInIndex = 0; path = Arita.app; sourceTree = BUILT_PRODUCTS_DIR; };
		FDAE73C91CC0C2820015C7A0 /* AppDelegate.swift */ = {isa = PBXFileReference; lastKnownFileType = sourcecode.swift; name = AppDelegate.swift; path = Arita/AppDelegate/AppDelegate.swift; sourceTree = SOURCE_ROOT; };
		FDAE73CB1CC0C2820015C7A0 /* RootController.swift */ = {isa = PBXFileReference; lastKnownFileType = sourcecode.swift; path = RootController.swift; sourceTree = "<group>"; };
		FDAE73CE1CC0C2820015C7A0 /* Base */ = {isa = PBXFileReference; lastKnownFileType = file.storyboard; name = Base; path = Base.lproj/Main.storyboard; sourceTree = "<group>"; };
		FDAE73D01CC0C2820015C7A0 /* Assets.xcassets */ = {isa = PBXFileReference; lastKnownFileType = folder.assetcatalog; path = Assets.xcassets; sourceTree = "<group>"; };
		FDAE73D31CC0C2820015C7A0 /* Base */ = {isa = PBXFileReference; lastKnownFileType = file.storyboard; name = Base; path = Base.lproj/LaunchScreen.storyboard; sourceTree = "<group>"; };
		FDAE73D51CC0C2820015C7A0 /* Info.plist */ = {isa = PBXFileReference; lastKnownFileType = text.plist.xml; path = Info.plist; sourceTree = "<group>"; };
		FDAE73E41CC0D64E0015C7A0 /* File1.swift */ = {isa = PBXFileReference; fileEncoding = 4; lastKnownFileType = sourcecode.swift; path = File1.swift; sourceTree = "<group>"; };
		FDAE73E61CC0D6760015C7A0 /* File2.swift */ = {isa = PBXFileReference; fileEncoding = 4; lastKnownFileType = sourcecode.swift; path = File2.swift; sourceTree = "<group>"; };
		FDAE73E81CC0D6E50015C7A0 /* File3.swift */ = {isa = PBXFileReference; fileEncoding = 4; lastKnownFileType = sourcecode.swift; path = File3.swift; sourceTree = "<group>"; };
		FDAE73EA1CC0D6F20015C7A0 /* File4.swift */ = {isa = PBXFileReference; fileEncoding = 4; lastKnownFileType = sourcecode.swift; path = File4.swift; sourceTree = "<group>"; };
		FDAE73EC1CC0D6FD0015C7A0 /* ColorConst.swift */ = {isa = PBXFileReference; fileEncoding = 4; lastKnownFileType = sourcecode.swift; path = ColorConst.swift; sourceTree = "<group>"; };
		FDAE73F01CC0D8020015C7A0 /* DLCacheProtocol.h */ = {isa = PBXFileReference; fileEncoding = 4; lastKnownFileType = sourcecode.c.h; path = DLCacheProtocol.h; sourceTree = "<group>"; };
		FDAE73F11CC0D8020015C7A0 /* DLLRUCache.h */ = {isa = PBXFileReference; fileEncoding = 4; lastKnownFileType = sourcecode.c.h; path = DLLRUCache.h; sourceTree = "<group>"; };
		FDAE73F21CC0D8020015C7A0 /* DLLRUCache.m */ = {isa = PBXFileReference; fileEncoding = 4; lastKnownFileType = sourcecode.c.objc; path = DLLRUCache.m; sourceTree = "<group>"; };
		FDAE73F31CC0D8020015C7A0 /* DLCustomSlideView.h */ = {isa = PBXFileReference; fileEncoding = 4; lastKnownFileType = sourcecode.c.h; path = DLCustomSlideView.h; sourceTree = "<group>"; };
		FDAE73F41CC0D8020015C7A0 /* DLCustomSlideView.m */ = {isa = PBXFileReference; fileEncoding = 4; lastKnownFileType = sourcecode.c.objc; path = DLCustomSlideView.m; sourceTree = "<group>"; };
		FDAE73F51CC0D8020015C7A0 /* DLSlideView.h */ = {isa = PBXFileReference; fileEncoding = 4; lastKnownFileType = sourcecode.c.h; path = DLSlideView.h; sourceTree = "<group>"; };
		FDAE73F61CC0D8020015C7A0 /* DLSlideView.m */ = {isa = PBXFileReference; fileEncoding = 4; lastKnownFileType = sourcecode.c.objc; path = DLSlideView.m; sourceTree = "<group>"; };
		FDAE73F81CC0D8020015C7A0 /* DLFixedTabbarView.h */ = {isa = PBXFileReference; fileEncoding = 4; lastKnownFileType = sourcecode.c.h; path = DLFixedTabbarView.h; sourceTree = "<group>"; };
		FDAE73F91CC0D8020015C7A0 /* DLFixedTabbarView.m */ = {isa = PBXFileReference; fileEncoding = 4; lastKnownFileType = sourcecode.c.objc; path = DLFixedTabbarView.m; sourceTree = "<group>"; };
		FDAE73FA1CC0D8020015C7A0 /* DLScrollTabbarView.h */ = {isa = PBXFileReference; fileEncoding = 4; lastKnownFileType = sourcecode.c.h; path = DLScrollTabbarView.h; sourceTree = "<group>"; };
		FDAE73FB1CC0D8020015C7A0 /* DLScrollTabbarView.m */ = {isa = PBXFileReference; fileEncoding = 4; lastKnownFileType = sourcecode.c.objc; path = DLScrollTabbarView.m; sourceTree = "<group>"; };
		FDAE73FC1CC0D8020015C7A0 /* DLSlideTabbarProtocol.h */ = {isa = PBXFileReference; fileEncoding = 4; lastKnownFileType = sourcecode.c.h; path = DLSlideTabbarProtocol.h; sourceTree = "<group>"; };
		FDAE73FD1CC0D8020015C7A0 /* DLTabedSlideView.h */ = {isa = PBXFileReference; fileEncoding = 4; lastKnownFileType = sourcecode.c.h; path = DLTabedSlideView.h; sourceTree = "<group>"; };
		FDAE73FE1CC0D8020015C7A0 /* DLTabedSlideView.m */ = {isa = PBXFileReference; fileEncoding = 4; lastKnownFileType = sourcecode.c.objc; path = DLTabedSlideView.m; sourceTree = "<group>"; };
		FDAE73FF1CC0D8020015C7A0 /* DLUtility.h */ = {isa = PBXFileReference; fileEncoding = 4; lastKnownFileType = sourcecode.c.h; path = DLUtility.h; sourceTree = "<group>"; };
		FDAE74001CC0D8020015C7A0 /* DLUtility.m */ = {isa = PBXFileReference; fileEncoding = 4; lastKnownFileType = sourcecode.c.objc; path = DLUtility.m; sourceTree = "<group>"; };
		FDAE74091CC0D9310015C7A0 /* Foundation.framework */ = {isa = PBXFileReference; lastKnownFileType = wrapper.framework; name = Foundation.framework; path = System/Library/Frameworks/Foundation.framework; sourceTree = SDKROOT; };
		FDAE740B1CC0D9390015C7A0 /* UIKit.framework */ = {isa = PBXFileReference; lastKnownFileType = wrapper.framework; name = UIKit.framework; path = System/Library/Frameworks/UIKit.framework; sourceTree = SDKROOT; };
		FDAE740D1CC0D9410015C7A0 /* CoreGraphics.framework */ = {isa = PBXFileReference; lastKnownFileType = wrapper.framework; name = CoreGraphics.framework; path = System/Library/Frameworks/CoreGraphics.framework; sourceTree = SDKROOT; };
		FDAE74171CC0E0CA0015C7A0 /* Arita-Bridging-Header.h */ = {isa = PBXFileReference; fileEncoding = 4; lastKnownFileType = sourcecode.c.h; path = "Arita-Bridging-Header.h"; sourceTree = "<group>"; };
/* End PBXFileReference section */

/* Begin PBXFrameworksBuildPhase section */
		FDAE73C31CC0C2820015C7A0 /* Frameworks */ = {
			isa = PBXFrameworksBuildPhase;
			buildActionMask = 2147483647;
			files = (
				FDAE740E1CC0D9410015C7A0 /* CoreGraphics.framework in Frameworks */,
				FDAE740C1CC0D9390015C7A0 /* UIKit.framework in Frameworks */,
				FDAE740A1CC0D9310015C7A0 /* Foundation.framework in Frameworks */,
				91777192CD185CD166D02A09 /* Pods.framework in Frameworks */,
			);
			runOnlyForDeploymentPostprocessing = 0;
		};
/* End PBXFrameworksBuildPhase section */

/* Begin PBXGroup section */
		14485EE691A9F4D975241AAD /* Frameworks */ = {
			isa = PBXGroup;
			children = (
				FDAE740D1CC0D9410015C7A0 /* CoreGraphics.framework */,
				FDAE740B1CC0D9390015C7A0 /* UIKit.framework */,
				FDAE74091CC0D9310015C7A0 /* Foundation.framework */,
				B31AC0804AA7C02161F50F62 /* Pods.framework */,
			);
			name = Frameworks;
			sourceTree = "<group>";
		};
		81FBB16D1CC47C44009F61C2 /* Root */ = {
			isa = PBXGroup;
			children = (
				FDAE73CB1CC0C2820015C7A0 /* RootController.swift */,
			);
			path = Root;
			sourceTree = "<group>";
		};
		81FBB16E1CC47C59009F61C2 /* Article */ = {
			isa = PBXGroup;
			children = (
				81FBB1631CC4723A009F61C2 /* ArticleHomeController.swift */,
			);
			path = Article;
			sourceTree = "<group>";
		};
		81FBB16F1CC47C6B009F61C2 /* Good */ = {
			isa = PBXGroup;
			children = (
				81FBB1651CC47288009F61C2 /* GoodHomeController.swift */,
			);
			path = Good;
			sourceTree = "<group>";
		};
		81FBB1701CC47C73009F61C2 /* User */ = {
			isa = PBXGroup;
			children = (
				81FBB1671CC472BB009F61C2 /* UserHomeController.swift */,
			);
			path = User;
			sourceTree = "<group>";
		};
		E665849187FE8CD215099C68 /* Pods */ = {
			isa = PBXGroup;
			children = (
				314C33ADA6AF6CF840EC04BB /* Pods.debug.xcconfig */,
				5DDDFBA2467FE3BCFEA10712 /* Pods.release.xcconfig */,
			);
			name = Pods;
			sourceTree = "<group>";
		};
		FDAE73BD1CC0C2820015C7A0 = {
			isa = PBXGroup;
			children = (
				FDAE73C81CC0C2820015C7A0 /* Arita */,
				FDAE73C71CC0C2820015C7A0 /* Products */,
				E665849187FE8CD215099C68 /* Pods */,
				14485EE691A9F4D975241AAD /* Frameworks */,
			);
			sourceTree = "<group>";
		};
		FDAE73C71CC0C2820015C7A0 /* Products */ = {
			isa = PBXGroup;
			children = (
				FDAE73C61CC0C2820015C7A0 /* Arita.app */,
			);
			name = Products;
			sourceTree = "<group>";
		};
		FDAE73C81CC0C2820015C7A0 /* Arita */ = {
			isa = PBXGroup;
			children = (
				FDAE73DC1CC0D41F0015C7A0 /* Models */,
				FDAE73DD1CC0D42B0015C7A0 /* Views */,
				FDAE73DE1CC0D4320015C7A0 /* Controllers */,
				FDAE73DF1CC0D43C0015C7A0 /* Stores */,
				FDAE73E01CC0D4470015C7A0 /* Helpers */,
				FDAE73E11CC0D4590015C7A0 /* Configs */,
				FDAE73DB1CC0D4010015C7A0 /* Libs */,
				FDAE73E21CC0D4740015C7A0 /* AppDelegate */,
				FDAE73D01CC0C2820015C7A0 /* Assets.xcassets */,
				FDAE73E31CC0D4800015C7A0 /* Supporting Files */,
			);
			path = Arita;
			sourceTree = "<group>";
		};
		FDAE73DB1CC0D4010015C7A0 /* Libs */ = {
			isa = PBXGroup;
			children = (
				FDAE73EE1CC0D8020015C7A0 /* DLSlideView */,
			);
			path = Libs;
			sourceTree = "<group>";
		};
		FDAE73DC1CC0D41F0015C7A0 /* Models */ = {
			isa = PBXGroup;
			children = (
				FDAE73E41CC0D64E0015C7A0 /* File1.swift */,
			);
			path = Models;
			sourceTree = "<group>";
		};
		FDAE73DD1CC0D42B0015C7A0 /* Views */ = {
			isa = PBXGroup;
			children = (
				FDAE73E61CC0D6760015C7A0 /* File2.swift */,
			);
			path = Views;
			sourceTree = "<group>";
		};
		FDAE73DE1CC0D4320015C7A0 /* Controllers */ = {
			isa = PBXGroup;
			children = (
				81FBB16D1CC47C44009F61C2 /* Root */,
				81FBB16E1CC47C59009F61C2 /* Article */,
				81FBB16F1CC47C6B009F61C2 /* Good */,
				81FBB1701CC47C73009F61C2 /* User */,
			);
			path = Controllers;
			sourceTree = "<group>";
		};
		FDAE73DF1CC0D43C0015C7A0 /* Stores */ = {
			isa = PBXGroup;
			children = (
				FDAE73E81CC0D6E50015C7A0 /* File3.swift */,
			);
			path = Stores;
			sourceTree = "<group>";
		};
		FDAE73E01CC0D4470015C7A0 /* Helpers */ = {
			isa = PBXGroup;
			children = (
				FDAE73EA1CC0D6F20015C7A0 /* File4.swift */,
			);
			path = Helpers;
			sourceTree = "<group>";
		};
		FDAE73E11CC0D4590015C7A0 /* Configs */ = {
			isa = PBXGroup;
			children = (
				81FBB16B1CC477AD009F61C2 /* TextConst.swift */,
				81FBB1691CC4779C009F61C2 /* FontConst.swift */,
				FDAE73EC1CC0D6FD0015C7A0 /* ColorConst.swift */,
			);
			path = Configs;
			sourceTree = "<group>";
		};
		FDAE73E21CC0D4740015C7A0 /* AppDelegate */ = {
			isa = PBXGroup;
			children = (
				FDAE73C91CC0C2820015C7A0 /* AppDelegate.swift */,
			);
			path = AppDelegate;
			sourceTree = "<group>";
		};
		FDAE73E31CC0D4800015C7A0 /* Supporting Files */ = {
			isa = PBXGroup;
			children = (
				FDAE73CD1CC0C2820015C7A0 /* Main.storyboard */,
				FDAE73D21CC0C2820015C7A0 /* LaunchScreen.storyboard */,
				FDAE74171CC0E0CA0015C7A0 /* Arita-Bridging-Header.h */,
				FDAE73D51CC0C2820015C7A0 /* Info.plist */,
			);
			path = "Supporting Files";
			sourceTree = "<group>";
		};
		FDAE73EE1CC0D8020015C7A0 /* DLSlideView */ = {
			isa = PBXGroup;
			children = (
				FDAE73EF1CC0D8020015C7A0 /* DLCache */,
				FDAE73F31CC0D8020015C7A0 /* DLCustomSlideView.h */,
				FDAE73F41CC0D8020015C7A0 /* DLCustomSlideView.m */,
				FDAE73F51CC0D8020015C7A0 /* DLSlideView.h */,
				FDAE73F61CC0D8020015C7A0 /* DLSlideView.m */,
				FDAE73F71CC0D8020015C7A0 /* DLTabbarView */,
				FDAE73FD1CC0D8020015C7A0 /* DLTabedSlideView.h */,
				FDAE73FE1CC0D8020015C7A0 /* DLTabedSlideView.m */,
				FDAE73FF1CC0D8020015C7A0 /* DLUtility.h */,
				FDAE74001CC0D8020015C7A0 /* DLUtility.m */,
			);
			path = DLSlideView;
			sourceTree = "<group>";
		};
		FDAE73EF1CC0D8020015C7A0 /* DLCache */ = {
			isa = PBXGroup;
			children = (
				FDAE73F01CC0D8020015C7A0 /* DLCacheProtocol.h */,
				FDAE73F11CC0D8020015C7A0 /* DLLRUCache.h */,
				FDAE73F21CC0D8020015C7A0 /* DLLRUCache.m */,
			);
			path = DLCache;
			sourceTree = "<group>";
		};
		FDAE73F71CC0D8020015C7A0 /* DLTabbarView */ = {
			isa = PBXGroup;
			children = (
				FDAE73F81CC0D8020015C7A0 /* DLFixedTabbarView.h */,
				FDAE73F91CC0D8020015C7A0 /* DLFixedTabbarView.m */,
				FDAE73FA1CC0D8020015C7A0 /* DLScrollTabbarView.h */,
				FDAE73FB1CC0D8020015C7A0 /* DLScrollTabbarView.m */,
				FDAE73FC1CC0D8020015C7A0 /* DLSlideTabbarProtocol.h */,
			);
			path = DLTabbarView;
			sourceTree = "<group>";
		};
/* End PBXGroup section */

/* Begin PBXNativeTarget section */
		FDAE73C51CC0C2820015C7A0 /* Arita */ = {
			isa = PBXNativeTarget;
			buildConfigurationList = FDAE73D81CC0C2820015C7A0 /* Build configuration list for PBXNativeTarget "Arita" */;
			buildPhases = (
				6450EB28632356383EA2932B /* Check Pods Manifest.lock */,
				FDAE73C21CC0C2820015C7A0 /* Sources */,
				FDAE73C31CC0C2820015C7A0 /* Frameworks */,
				FDAE73C41CC0C2820015C7A0 /* Resources */,
				828210A0E9AA293654A680E0 /* Embed Pods Frameworks */,
				4173596F2620D8F289D2BA03 /* Copy Pods Resources */,
			);
			buildRules = (
			);
			dependencies = (
			);
			name = Arita;
			productName = Arita;
			productReference = FDAE73C61CC0C2820015C7A0 /* Arita.app */;
			productType = "com.apple.product-type.application";
		};
/* End PBXNativeTarget section */

/* Begin PBXProject section */
		FDAE73BE1CC0C2820015C7A0 /* Project object */ = {
			isa = PBXProject;
			attributes = {
				LastSwiftUpdateCheck = 0730;
				LastUpgradeCheck = 0730;
				ORGANIZATIONNAME = DcBunny;
				TargetAttributes = {
					FDAE73C51CC0C2820015C7A0 = {
						CreatedOnToolsVersion = 7.3;
					};
				};
			};
			buildConfigurationList = FDAE73C11CC0C2820015C7A0 /* Build configuration list for PBXProject "Arita" */;
			compatibilityVersion = "Xcode 3.2";
			developmentRegion = English;
			hasScannedForEncodings = 0;
			knownRegions = (
				en,
				Base,
			);
			mainGroup = FDAE73BD1CC0C2820015C7A0;
			productRefGroup = FDAE73C71CC0C2820015C7A0 /* Products */;
			projectDirPath = "";
			projectRoot = "";
			targets = (
				FDAE73C51CC0C2820015C7A0 /* Arita */,
			);
		};
/* End PBXProject section */

/* Begin PBXResourcesBuildPhase section */
		FDAE73C41CC0C2820015C7A0 /* Resources */ = {
			isa = PBXResourcesBuildPhase;
			buildActionMask = 2147483647;
			files = (
				FDAE73D41CC0C2820015C7A0 /* LaunchScreen.storyboard in Resources */,
				FDAE73D11CC0C2820015C7A0 /* Assets.xcassets in Resources */,
				FDAE73CF1CC0C2820015C7A0 /* Main.storyboard in Resources */,
			);
			runOnlyForDeploymentPostprocessing = 0;
		};
/* End PBXResourcesBuildPhase section */

/* Begin PBXShellScriptBuildPhase section */
		4173596F2620D8F289D2BA03 /* Copy Pods Resources */ = {
			isa = PBXShellScriptBuildPhase;
			buildActionMask = 2147483647;
			files = (
			);
			inputPaths = (
			);
			name = "Copy Pods Resources";
			outputPaths = (
			);
			runOnlyForDeploymentPostprocessing = 0;
			shellPath = /bin/sh;
			shellScript = "\"${SRCROOT}/Pods/Target Support Files/Pods/Pods-resources.sh\"\n";
			showEnvVarsInLog = 0;
		};
		6450EB28632356383EA2932B /* Check Pods Manifest.lock */ = {
			isa = PBXShellScriptBuildPhase;
			buildActionMask = 2147483647;
			files = (
			);
			inputPaths = (
			);
			name = "Check Pods Manifest.lock";
			outputPaths = (
			);
			runOnlyForDeploymentPostprocessing = 0;
			shellPath = /bin/sh;
			shellScript = "diff \"${PODS_ROOT}/../Podfile.lock\" \"${PODS_ROOT}/Manifest.lock\" > /dev/null\nif [[ $? != 0 ]] ; then\n    cat << EOM\nerror: The sandbox is not in sync with the Podfile.lock. Run 'pod install' or update your CocoaPods installation.\nEOM\n    exit 1\nfi\n";
			showEnvVarsInLog = 0;
		};
		828210A0E9AA293654A680E0 /* Embed Pods Frameworks */ = {
			isa = PBXShellScriptBuildPhase;
			buildActionMask = 2147483647;
			files = (
			);
			inputPaths = (
			);
			name = "Embed Pods Frameworks";
			outputPaths = (
			);
			runOnlyForDeploymentPostprocessing = 0;
			shellPath = /bin/sh;
			shellScript = "\"${SRCROOT}/Pods/Target Support Files/Pods/Pods-frameworks.sh\"\n";
			showEnvVarsInLog = 0;
		};
/* End PBXShellScriptBuildPhase section */

/* Begin PBXSourcesBuildPhase section */
		FDAE73C21CC0C2820015C7A0 /* Sources */ = {
			isa = PBXSourcesBuildPhase;
			buildActionMask = 2147483647;
			files = (
				81FBB1681CC472BB009F61C2 /* UserHomeController.swift in Sources */,
				FDAE74041CC0D8020015C7A0 /* DLFixedTabbarView.m in Sources */,
				81FBB16C1CC477AD009F61C2 /* TextConst.swift in Sources */,
				81FBB16A1CC4779C009F61C2 /* FontConst.swift in Sources */,
				FDAE73E91CC0D6E50015C7A0 /* File3.swift in Sources */,
				FDAE73EB1CC0D6F20015C7A0 /* File4.swift in Sources */,
				FDAE74061CC0D8020015C7A0 /* DLTabedSlideView.m in Sources */,
				FDAE74031CC0D8020015C7A0 /* DLSlideView.m in Sources */,
				FDAE73ED1CC0D6FD0015C7A0 /* ColorConst.swift in Sources */,
				81FBB1641CC4723A009F61C2 /* ArticleHomeController.swift in Sources */,
				FDAE74071CC0D8020015C7A0 /* DLUtility.m in Sources */,
				FDAE74051CC0D8020015C7A0 /* DLScrollTabbarView.m in Sources */,
				FDAE73CC1CC0C2820015C7A0 /* RootController.swift in Sources */,
				FDAE74021CC0D8020015C7A0 /* DLCustomSlideView.m in Sources */,
				FDAE73E71CC0D6760015C7A0 /* File2.swift in Sources */,
				81FBB1661CC47288009F61C2 /* GoodHomeController.swift in Sources */,
				FDAE73E51CC0D64E0015C7A0 /* File1.swift in Sources */,
				FDAE74011CC0D8020015C7A0 /* DLLRUCache.m in Sources */,
				FDAE73CA1CC0C2820015C7A0 /* AppDelegate.swift in Sources */,
			);
			runOnlyForDeploymentPostprocessing = 0;
		};
/* End PBXSourcesBuildPhase section */

/* Begin PBXVariantGroup section */
		FDAE73CD1CC0C2820015C7A0 /* Main.storyboard */ = {
			isa = PBXVariantGroup;
			children = (
				FDAE73CE1CC0C2820015C7A0 /* Base */,
			);
			name = Main.storyboard;
			path = ..;
			sourceTree = "<group>";
		};
		FDAE73D21CC0C2820015C7A0 /* LaunchScreen.storyboard */ = {
			isa = PBXVariantGroup;
			children = (
				FDAE73D31CC0C2820015C7A0 /* Base */,
			);
			name = LaunchScreen.storyboard;
			path = ..;
			sourceTree = "<group>";
		};
/* End PBXVariantGroup section */

/* Begin XCBuildConfiguration section */
		FDAE73D61CC0C2820015C7A0 /* Debug */ = {
			isa = XCBuildConfiguration;
			buildSettings = {
				ALWAYS_SEARCH_USER_PATHS = NO;
				CLANG_ANALYZER_NONNULL = YES;
				CLANG_CXX_LANGUAGE_STANDARD = "gnu++0x";
				CLANG_CXX_LIBRARY = "libc++";
				CLANG_ENABLE_MODULES = YES;
				CLANG_ENABLE_OBJC_ARC = YES;
				CLANG_WARN_BOOL_CONVERSION = YES;
				CLANG_WARN_CONSTANT_CONVERSION = YES;
				CLANG_WARN_DIRECT_OBJC_ISA_USAGE = YES_ERROR;
				CLANG_WARN_EMPTY_BODY = YES;
				CLANG_WARN_ENUM_CONVERSION = YES;
				CLANG_WARN_INT_CONVERSION = YES;
				CLANG_WARN_OBJC_ROOT_CLASS = YES_ERROR;
				CLANG_WARN_UNREACHABLE_CODE = YES;
				CLANG_WARN__DUPLICATE_METHOD_MATCH = YES;
				"CODE_SIGN_IDENTITY[sdk=iphoneos*]" = "iPhone Developer";
				COPY_PHASE_STRIP = NO;
				DEBUG_INFORMATION_FORMAT = dwarf;
				ENABLE_STRICT_OBJC_MSGSEND = YES;
				ENABLE_TESTABILITY = YES;
				GCC_C_LANGUAGE_STANDARD = gnu99;
				GCC_DYNAMIC_NO_PIC = NO;
				GCC_NO_COMMON_BLOCKS = YES;
				GCC_OPTIMIZATION_LEVEL = 0;
				GCC_PREPROCESSOR_DEFINITIONS = (
					"DEBUG=1",
					"$(inherited)",
				);
				GCC_WARN_64_TO_32_BIT_CONVERSION = YES;
				GCC_WARN_ABOUT_RETURN_TYPE = YES_ERROR;
				GCC_WARN_UNDECLARED_SELECTOR = YES;
				GCC_WARN_UNINITIALIZED_AUTOS = YES_AGGRESSIVE;
				GCC_WARN_UNUSED_FUNCTION = YES;
				GCC_WARN_UNUSED_VARIABLE = YES;
				IPHONEOS_DEPLOYMENT_TARGET = 9.3;
				MTL_ENABLE_DEBUG_INFO = YES;
				ONLY_ACTIVE_ARCH = YES;
				SDKROOT = iphoneos;
				SWIFT_OPTIMIZATION_LEVEL = "-Onone";
			};
			name = Debug;
		};
		FDAE73D71CC0C2820015C7A0 /* Release */ = {
			isa = XCBuildConfiguration;
			buildSettings = {
				ALWAYS_SEARCH_USER_PATHS = NO;
				CLANG_ANALYZER_NONNULL = YES;
				CLANG_CXX_LANGUAGE_STANDARD = "gnu++0x";
				CLANG_CXX_LIBRARY = "libc++";
				CLANG_ENABLE_MODULES = YES;
				CLANG_ENABLE_OBJC_ARC = YES;
				CLANG_WARN_BOOL_CONVERSION = YES;
				CLANG_WARN_CONSTANT_CONVERSION = YES;
				CLANG_WARN_DIRECT_OBJC_ISA_USAGE = YES_ERROR;
				CLANG_WARN_EMPTY_BODY = YES;
				CLANG_WARN_ENUM_CONVERSION = YES;
				CLANG_WARN_INT_CONVERSION = YES;
				CLANG_WARN_OBJC_ROOT_CLASS = YES_ERROR;
				CLANG_WARN_UNREACHABLE_CODE = YES;
				CLANG_WARN__DUPLICATE_METHOD_MATCH = YES;
				"CODE_SIGN_IDENTITY[sdk=iphoneos*]" = "iPhone Developer";
				COPY_PHASE_STRIP = NO;
				DEBUG_INFORMATION_FORMAT = "dwarf-with-dsym";
				ENABLE_NS_ASSERTIONS = NO;
				ENABLE_STRICT_OBJC_MSGSEND = YES;
				GCC_C_LANGUAGE_STANDARD = gnu99;
				GCC_NO_COMMON_BLOCKS = YES;
				GCC_WARN_64_TO_32_BIT_CONVERSION = YES;
				GCC_WARN_ABOUT_RETURN_TYPE = YES_ERROR;
				GCC_WARN_UNDECLARED_SELECTOR = YES;
				GCC_WARN_UNINITIALIZED_AUTOS = YES_AGGRESSIVE;
				GCC_WARN_UNUSED_FUNCTION = YES;
				GCC_WARN_UNUSED_VARIABLE = YES;
				IPHONEOS_DEPLOYMENT_TARGET = 9.3;
				MTL_ENABLE_DEBUG_INFO = NO;
				SDKROOT = iphoneos;
				VALIDATE_PRODUCT = YES;
			};
			name = Release;
		};
		FDAE73D91CC0C2820015C7A0 /* Debug */ = {
			isa = XCBuildConfiguration;
			baseConfigurationReference = 314C33ADA6AF6CF840EC04BB /* Pods.debug.xcconfig */;
			buildSettings = {
				ASSETCATALOG_COMPILER_APPICON_NAME = AppIcon;
				INFOPLIST_FILE = "$(SRCROOT)/Arita/Supporting Files/Info.plist";
				IPHONEOS_DEPLOYMENT_TARGET = 8.0;
				LD_RUNPATH_SEARCH_PATHS = "$(inherited) @executable_path/Frameworks";
				PRODUCT_BUNDLE_IDENTIFIER = cc.Arita.DcBunny.Arita;
				PRODUCT_NAME = "$(TARGET_NAME)";
				SWIFT_OBJC_BRIDGING_HEADER = "Arita/Supporting Files/Arita-Bridging-Header.h";
				SWIFT_OPTIMIZATION_LEVEL = "-Onone";
			};
			name = Debug;
		};
		FDAE73DA1CC0C2820015C7A0 /* Release */ = {
			isa = XCBuildConfiguration;
			baseConfigurationReference = 5DDDFBA2467FE3BCFEA10712 /* Pods.release.xcconfig */;
			buildSettings = {
				ASSETCATALOG_COMPILER_APPICON_NAME = AppIcon;
				INFOPLIST_FILE = "$(SRCROOT)/Arita/Supporting Files/Info.plist";
				IPHONEOS_DEPLOYMENT_TARGET = 8.0;
				LD_RUNPATH_SEARCH_PATHS = "$(inherited) @executable_path/Frameworks";
				PRODUCT_BUNDLE_IDENTIFIER = cc.Arita.DcBunny.Arita;
				PRODUCT_NAME = "$(TARGET_NAME)";
				SWIFT_OBJC_BRIDGING_HEADER = "Arita/Supporting Files/Arita-Bridging-Header.h";
				SWIFT_OPTIMIZATION_LEVEL = "-Onone";
			};
			name = Release;
		};
/* End XCBuildConfiguration section */

/* Begin XCConfigurationList section */
		FDAE73C11CC0C2820015C7A0 /* Build configuration list for PBXProject "Arita" */ = {
			isa = XCConfigurationList;
			buildConfigurations = (
				FDAE73D61CC0C2820015C7A0 /* Debug */,
				FDAE73D71CC0C2820015C7A0 /* Release */,
			);
			defaultConfigurationIsVisible = 0;
			defaultConfigurationName = Release;
		};
		FDAE73D81CC0C2820015C7A0 /* Build configuration list for PBXNativeTarget "Arita" */ = {
			isa = XCConfigurationList;
			buildConfigurations = (
				FDAE73D91CC0C2820015C7A0 /* Debug */,
				FDAE73DA1CC0C2820015C7A0 /* Release */,
			);
			defaultConfigurationIsVisible = 0;
			defaultConfigurationName = Release;
		};
/* End XCConfigurationList section */
	};
	rootObject = FDAE73BE1CC0C2820015C7A0 /* Project object */;
}
