// !$*UTF8*$!
{
	archiveVersion = 1;
	classes = {
	};
	objectVersion = 46;
	objects = {

/* Begin PBXBuildFile section */
		FDAE73CA1CC0C2820015C7A0 /* AppDelegate.swift in Sources */ = {isa = PBXBuildFile; fileRef = FDAE73C91CC0C2820015C7A0 /* AppDelegate.swift */; };
		FDAE73CC1CC0C2820015C7A0 /* ViewController.swift in Sources */ = {isa = PBXBuildFile; fileRef = FDAE73CB1CC0C2820015C7A0 /* ViewController.swift */; };
		FDAE73CF1CC0C2820015C7A0 /* Main.storyboard in Resources */ = {isa = PBXBuildFile; fileRef = FDAE73CD1CC0C2820015C7A0 /* Main.storyboard */; };
		FDAE73D11CC0C2820015C7A0 /* Assets.xcassets in Resources */ = {isa = PBXBuildFile; fileRef = FDAE73D01CC0C2820015C7A0 /* Assets.xcassets */; };
		FDAE73D41CC0C2820015C7A0 /* LaunchScreen.storyboard in Resources */ = {isa = PBXBuildFile; fileRef = FDAE73D21CC0C2820015C7A0 /* LaunchScreen.storyboard */; };
/* End PBXBuildFile section */

/* Begin PBXFileReference section */
		FDAE73C61CC0C2820015C7A0 /* Arita.app */ = {isa = PBXFileReference; explicitFileType = wrapper.application; includeInIndex = 0; path = Arita.app; sourceTree = BUILT_PRODUCTS_DIR; };
		FDAE73C91CC0C2820015C7A0 /* AppDelegate.swift */ = {isa = PBXFileReference; lastKnownFileType = sourcecode.swift; path = AppDelegate.swift; sourceTree = "<group>"; };
		FDAE73CB1CC0C2820015C7A0 /* ViewController.swift */ = {isa = PBXFileReference; lastKnownFileType = sourcecode.swift; path = ViewController.swift; sourceTree = "<group>"; };
		FDAE73CE1CC0C2820015C7A0 /* Base */ = {isa = PBXFileReference; lastKnownFileType = file.storyboard; name = Base; path = Base.lproj/Main.storyboard; sourceTree = "<group>"; };
		FDAE73D01CC0C2820015C7A0 /* Assets.xcassets */ = {isa = PBXFileReference; lastKnownFileType = folder.assetcatalog; path = Assets.xcassets; sourceTree = "<group>"; };
		FDAE73D31CC0C2820015C7A0 /* Base */ = {isa = PBXFileReference; lastKnownFileType = file.storyboard; name = Base; path = Base.lproj/LaunchScreen.storyboard; sourceTree = "<group>"; };
		FDAE73D51CC0C2820015C7A0 /* Info.plist */ = {isa = PBXFileReference; lastKnownFileType = text.plist.xml; path = Info.plist; sourceTree = "<group>"; };
/* End PBXFileReference section */

/* Begin PBXFrameworksBuildPhase section */
		FDAE73C31CC0C2820015C7A0 /* Frameworks */ = {
			isa = PBXFrameworksBuildPhase;
			buildActionMask = 2147483647;
			files = (
			);
			runOnlyForDeploymentPostprocessing = 0;
		};
/* End PBXFrameworksBuildPhase section */

/* Begin PBXGroup section */
		FDAE73BD1CC0C2820015C7A0 = {
			isa = PBXGroup;
			children = (
				FDAE73C81CC0C2820015C7A0 /* Arita */,
				FDAE73C71CC0C2820015C7A0 /* Products */,
			);
			sourceTree = "<group>";
		};
		FDAE73C71CC0C2820015C7A0 /* Products */ = {
			isa = PBXGroup;
			children = (
				FDAE73C61CC0C2820015C7A0 /* Arita.app */,
			);
			name = Products;
			sourceTree = "<group>";
		};
		FDAE73C81CC0C2820015C7A0 /* Arita */ = {
			isa = PBXGroup;
			children = (
				FDAE73C91CC0C2820015C7A0 /* AppDelegate.swift */,
				FDAE73CB1CC0C2820015C7A0 /* ViewController.swift */,
				FDAE73CD1CC0C2820015C7A0 /* Main.storyboard */,
				FDAE73D01CC0C2820015C7A0 /* Assets.xcassets */,
				FDAE73D21CC0C2820015C7A0 /* LaunchScreen.storyboard */,
				FDAE73D51CC0C2820015C7A0 /* Info.plist */,
			);
			path = Arita;
			sourceTree = "<group>";
		};
/* End PBXGroup section */

/* Begin PBXNativeTarget section */
		FDAE73C51CC0C2820015C7A0 /* Arita */ = {
			isa = PBXNativeTarget;
			buildConfigurationList = FDAE73D81CC0C2820015C7A0 /* Build configuration list for PBXNativeTarget "Arita" */;
			buildPhases = (
				FDAE73C21CC0C2820015C7A0 /* Sources */,
				FDAE73C31CC0C2820015C7A0 /* Frameworks */,
				FDAE73C41CC0C2820015C7A0 /* Resources */,
			);
			buildRules = (
			);
			dependencies = (
			);
			name = Arita;
			productName = Arita;
			productReference = FDAE73C61CC0C2820015C7A0 /* Arita.app */;
			productType = "com.apple.product-type.application";
		};
/* End PBXNativeTarget section */

/* Begin PBXProject section */
		FDAE73BE1CC0C2820015C7A0 /* Project object */ = {
			isa = PBXProject;
			attributes = {
				LastSwiftUpdateCheck = 0730;
				LastUpgradeCheck = 0730;
				ORGANIZATIONNAME = DcBunny;
				TargetAttributes = {
					FDAE73C51CC0C2820015C7A0 = {
						CreatedOnToolsVersion = 7.3;
					};
				};
			};
			buildConfigurationList = FDAE73C11CC0C2820015C7A0 /* Build configuration list for PBXProject "Arita" */;
			compatibilityVersion = "Xcode 3.2";
			developmentRegion = English;
			hasScannedForEncodings = 0;
			knownRegions = (
				en,
				Base,
			);
			mainGroup = FDAE73BD1CC0C2820015C7A0;
			productRefGroup = FDAE73C71CC0C2820015C7A0 /* Products */;
			projectDirPath = "";
			projectRoot = "";
			targets = (
				FDAE73C51CC0C2820015C7A0 /* Arita */,
			);
		};
/* End PBXProject section */

/* Begin PBXResourcesBuildPhase section */
		FDAE73C41CC0C2820015C7A0 /* Resources */ = {
			isa = PBXResourcesBuildPhase;
			buildActionMask = 2147483647;
			files = (
				FDAE73D41CC0C2820015C7A0 /* LaunchScreen.storyboard in Resources */,
				FDAE73D11CC0C2820015C7A0 /* Assets.xcassets in Resources */,
				FDAE73CF1CC0C2820015C7A0 /* Main.storyboard in Resources */,
			);
			runOnlyForDeploymentPostprocessing = 0;
		};
/* End PBXResourcesBuildPhase section */

/* Begin PBXSourcesBuildPhase section */
		FDAE73C21CC0C2820015C7A0 /* Sources */ = {
			isa = PBXSourcesBuildPhase;
			buildActionMask = 2147483647;
			files = (
				FDAE73CC1CC0C2820015C7A0 /* ViewController.swift in Sources */,
				FDAE73CA1CC0C2820015C7A0 /* AppDelegate.swift in Sources */,
			);
			runOnlyForDeploymentPostprocessing = 0;
		};
/* End PBXSourcesBuildPhase section */

/* Begin PBXVariantGroup section */
		FDAE73CD1CC0C2820015C7A0 /* Main.storyboard */ = {
			isa = PBXVariantGroup;
			children = (
				FDAE73CE1CC0C2820015C7A0 /* Base */,
			);
			name = Main.storyboard;
			sourceTree = "<group>";
		};
		FDAE73D21CC0C2820015C7A0 /* LaunchScreen.storyboard */ = {
			isa = PBXVariantGroup;
			children = (
				FDAE73D31CC0C2820015C7A0 /* Base */,
			);
			name = LaunchScreen.storyboard;
			sourceTree = "<group>";
		};
/* End PBXVariantGroup section */

/* Begin XCBuildConfiguration section */
		FDAE73D61CC0C2820015C7A0 /* Debug */ = {
			isa = XCBuildConfiguration;
			buildSettings = {
				ALWAYS_SEARCH_USER_PATHS = NO;
				CLANG_ANALYZER_NONNULL = YES;
				CLANG_CXX_LANGUAGE_STANDARD = "gnu++0x";
				CLANG_CXX_LIBRARY = "libc++";
				CLANG_ENABLE_MODULES = YES;
				CLANG_ENABLE_OBJC_ARC = YES;
				CLANG_WARN_BOOL_CONVERSION = YES;
				CLANG_WARN_CONSTANT_CONVERSION = YES;
				CLANG_WARN_DIRECT_OBJC_ISA_USAGE = YES_ERROR;
				CLANG_WARN_EMPTY_BODY = YES;
				CLANG_WARN_ENUM_CONVERSION = YES;
				CLANG_WARN_INT_CONVERSION = YES;
				CLANG_WARN_OBJC_ROOT_CLASS = YES_ERROR;
				CLANG_WARN_UNREACHABLE_CODE = YES;
				CLANG_WARN__DUPLICATE_METHOD_MATCH = YES;
				"CODE_SIGN_IDENTITY[sdk=iphoneos*]" = "iPhone Developer";
				COPY_PHASE_STRIP = NO;
				DEBUG_INFORMATION_FORMAT = dwarf;
				ENABLE_STRICT_OBJC_MSGSEND = YES;
				ENABLE_TESTABILITY = YES;
				GCC_C_LANGUAGE_STANDARD = gnu99;
				GCC_DYNAMIC_NO_PIC = NO;
				GCC_NO_COMMON_BLOCKS = YES;
				GCC_OPTIMIZATION_LEVEL = 0;
				GCC_PREPROCESSOR_DEFINITIONS = (
					"DEBUG=1",
					"$(inherited)",
				);
				GCC_WARN_64_TO_32_BIT_CONVERSION = YES;
				GCC_WARN_ABOUT_RETURN_TYPE = YES_ERROR;
				GCC_WARN_UNDECLARED_SELECTOR = YES;
				GCC_WARN_UNINITIALIZED_AUTOS = YES_AGGRESSIVE;
				GCC_WARN_UNUSED_FUNCTION = YES;
				GCC_WARN_UNUSED_VARIABLE = YES;
				IPHONEOS_DEPLOYMENT_TARGET = 9.3;
				MTL_ENABLE_DEBUG_INFO = YES;
				ONLY_ACTIVE_ARCH = YES;
				SDKROOT = iphoneos;
				SWIFT_OPTIMIZATION_LEVEL = "-Onone";
			};
			name = Debug;
		};
		FDAE73D71CC0C2820015C7A0 /* Release */ = {
			isa = XCBuildConfiguration;
			buildSettings = {
				ALWAYS_SEARCH_USER_PATHS = NO;
				CLANG_ANALYZER_NONNULL = YES;
				CLANG_CXX_LANGUAGE_STANDARD = "gnu++0x";
				CLANG_CXX_LIBRARY = "libc++";
				CLANG_ENABLE_MODULES = YES;
				CLANG_ENABLE_OBJC_ARC = YES;
				CLANG_WARN_BOOL_CONVERSION = YES;
				CLANG_WARN_CONSTANT_CONVERSION = YES;
				CLANG_WARN_DIRECT_OBJC_ISA_USAGE = YES_ERROR;
				CLANG_WARN_EMPTY_BODY = YES;
				CLANG_WARN_ENUM_CONVERSION = YES;
				CLANG_WARN_INT_CONVERSION = YES;
				CLANG_WARN_OBJC_ROOT_CLASS = YES_ERROR;
				CLANG_WARN_UNREACHABLE_CODE = YES;
				CLANG_WARN__DUPLICATE_METHOD_MATCH = YES;
				"CODE_SIGN_IDENTITY[sdk=iphoneos*]" = "iPhone Developer";
				COPY_PHASE_STRIP = NO;
				DEBUG_INFORMATION_FORMAT = "dwarf-with-dsym";
				ENABLE_NS_ASSERTIONS = NO;
				ENABLE_STRICT_OBJC_MSGSEND = YES;
				GCC_C_LANGUAGE_STANDARD = gnu99;
				GCC_NO_COMMON_BLOCKS = YES;
				GCC_WARN_64_TO_32_BIT_CONVERSION = YES;
				GCC_WARN_ABOUT_RETURN_TYPE = YES_ERROR;
				GCC_WARN_UNDECLARED_SELECTOR = YES;
				GCC_WARN_UNINITIALIZED_AUTOS = YES_AGGRESSIVE;
				GCC_WARN_UNUSED_FUNCTION = YES;
				GCC_WARN_UNUSED_VARIABLE = YES;
				IPHONEOS_DEPLOYMENT_TARGET = 9.3;
				MTL_ENABLE_DEBUG_INFO = NO;
				SDKROOT = iphoneos;
				VALIDATE_PRODUCT = YES;
			};
			name = Release;
		};
		FDAE73D91CC0C2820015C7A0 /* Debug */ = {
			isa = XCBuildConfiguration;
			buildSettings = {
				ASSETCATALOG_COMPILER_APPICON_NAME = AppIcon;
				INFOPLIST_FILE = Arita/Info.plist;
				LD_RUNPATH_SEARCH_PATHS = "$(inherited) @executable_path/Frameworks";
				PRODUCT_BUNDLE_IDENTIFIER = cc.Arita.DcBunny.Arita;
				PRODUCT_NAME = "$(TARGET_NAME)";
			};
			name = Debug;
		};
		FDAE73DA1CC0C2820015C7A0 /* Release */ = {
			isa = XCBuildConfiguration;
			buildSettings = {
				ASSETCATALOG_COMPILER_APPICON_NAME = AppIcon;
				INFOPLIST_FILE = Arita/Info.plist;
				LD_RUNPATH_SEARCH_PATHS = "$(inherited) @executable_path/Frameworks";
				PRODUCT_BUNDLE_IDENTIFIER = cc.Arita.DcBunny.Arita;
				PRODUCT_NAME = "$(TARGET_NAME)";
			};
			name = Release;
		};
/* End XCBuildConfiguration section */

/* Begin XCConfigurationList section */
		FDAE73C11CC0C2820015C7A0 /* Build configuration list for PBXProject "Arita" */ = {
			isa = XCConfigurationList;
			buildConfigurations = (
				FDAE73D61CC0C2820015C7A0 /* Debug */,
				FDAE73D71CC0C2820015C7A0 /* Release */,
			);
			defaultConfigurationIsVisible = 0;
			defaultConfigurationName = Release;
		};
		FDAE73D81CC0C2820015C7A0 /* Build configuration list for PBXNativeTarget "Arita" */ = {
			isa = XCConfigurationList;
			buildConfigurations = (
				FDAE73D91CC0C2820015C7A0 /* Debug */,
				FDAE73DA1CC0C2820015C7A0 /* Release */,
			);
			defaultConfigurationIsVisible = 0;
		};
/* End XCConfigurationList section */
	};
	rootObject = FDAE73BE1CC0C2820015C7A0 /* Project object */;
}
